
Microsoft Visual Studio Solution File, Format Version 12.00
Project("{FAE04EC0-301F-11D3-BF4B-00C04F79EFBC}") = "Web", "Web\Web.csproj", "{EBE49BD3-18E8-4083-8CF2-7DD15E27D9A1}"
EndProject
Project("{FAE04EC0-301F-11D3-BF4B-00C04F79EFBC}") = "Data", "Data\Data.csproj", "{7D0B08A9-B67F-4E11-9062-325F94E6CE12}"
EndProject
Global
	GlobalSection(SolutionConfigurationPlatforms) = preSolution
		Debug|Any CPU = Debug|Any CPU
		Release|Any CPU = Release|Any CPU
	EndGlobalSection
	GlobalSection(ProjectConfigurationPlatforms) = postSolution
		{EBE49BD3-18E8-4083-8CF2-7DD15E27D9A1}.Debug|Any CPU.ActiveCfg = Debug|Any CPU
		{EBE49BD3-18E8-4083-8CF2-7DD15E27D9A1}.Debug|Any CPU.Build.0 = Debug|Any CPU
		{EBE49BD3-18E8-4083-8CF2-7DD15E27D9A1}.Release|Any CPU.ActiveCfg = Release|Any CPU
		{EBE49BD3-18E8-4083-8CF2-7DD15E27D9A1}.Release|Any CPU.Build.0 = Release|Any CPU
		{7D0B08A9-B67F-4E11-9062-325F94E6CE12}.Debug|Any CPU.ActiveCfg = Debug|Any CPU
		{7D0B08A9-B67F-4E11-9062-325F94E6CE12}.Debug|Any CPU.Build.0 = Debug|Any CPU
		{7D0B08A9-B67F-4E11-9062-325F94E6CE12}.Release|Any CPU.ActiveCfg = Release|Any CPU
		{7D0B08A9-B67F-4E11-9062-325F94E6CE12}.Release|Any CPU.Build.0 = Release|Any CPU
	EndGlobalSection
EndGlobal
